
Microsoft Visual Studio Solution File, Format Version 12.00
# Visual Studio 2013
VisualStudioVersion = 12.0.30723.0
MinimumVisualStudioVersion = 10.0.40219.1
Project("{CC5FD16D-436D-48AD-A40C-5A424C6E3E79}") = "HWAzureCloudService", "HWAzureCloudService\HWAzureCloudService.ccproj", "{B2666BC3-F20D-4D6B-9103-1644BA69BC40}"
EndProject
Project("{FAE04EC0-301F-11D3-BF4B-00C04F79EFBC}") = "WebRole1", "WebRole1\WebRole1.csproj", "{3CD9997E-6184-4FBF-B0DF-60D926619009}"
EndProject
Global
	GlobalSection(SolutionConfigurationPlatforms) = preSolution
		Debug|Any CPU = Debug|Any CPU
		Release|Any CPU = Release|Any CPU
	EndGlobalSection
	GlobalSection(ProjectConfigurationPlatforms) = postSolution
		{B2666BC3-F20D-4D6B-9103-1644BA69BC40}.Debug|Any CPU.ActiveCfg = Debug|Any CPU
		{B2666BC3-F20D-4D6B-9103-1644BA69BC40}.Debug|Any CPU.Build.0 = Debug|Any CPU
		{B2666BC3-F20D-4D6B-9103-1644BA69BC40}.Release|Any CPU.ActiveCfg = Release|Any CPU
		{B2666BC3-F20D-4D6B-9103-1644BA69BC40}.Release|Any CPU.Build.0 = Release|Any CPU
		{3CD9997E-6184-4FBF-B0DF-60D926619009}.Debug|Any CPU.ActiveCfg = Debug|Any CPU
		{3CD9997E-6184-4FBF-B0DF-60D926619009}.Debug|Any CPU.Build.0 = Debug|Any CPU
		{3CD9997E-6184-4FBF-B0DF-60D926619009}.Release|Any CPU.ActiveCfg = Release|Any CPU
		{3CD9997E-6184-4FBF-B0DF-60D926619009}.Release|Any CPU.Build.0 = Release|Any CPU
	EndGlobalSection
	GlobalSection(SolutionProperties) = preSolution
		HideSolutionNode = FALSE
	EndGlobalSection
EndGlobal
